// !$*UTF8*$!
{
	archiveVersion = 1;
	classes = {
	};
	objectVersion = 50;
	objects = {

/* Begin PBXBuildFile section */
		152401F255547DD5186FE3C2 /* libPods-IMTransitionAnimationDemo.a in Frameworks */ = {isa = PBXBuildFile; fileRef = 71035BD625A47EEB02D83615 /* libPods-IMTransitionAnimationDemo.a */; };
		B70796D020EF616E00195A65 /* IMPresentAnimationTransitioning.m in Sources */ = {isa = PBXBuildFile; fileRef = B70796C420EF616E00195A65 /* IMPresentAnimationTransitioning.m */; };
		B70796D120EF616E00195A65 /* IMMiddleAnimationTransitioning.m in Sources */ = {isa = PBXBuildFile; fileRef = B70796C820EF616E00195A65 /* IMMiddleAnimationTransitioning.m */; };
		B70796D220EF616E00195A65 /* IMPushAnimationTransitioning.m in Sources */ = {isa = PBXBuildFile; fileRef = B70796CB20EF616E00195A65 /* IMPushAnimationTransitioning.m */; };
		B70796D320EF616E00195A65 /* IMBaseAnimationTransitioning.m in Sources */ = {isa = PBXBuildFile; fileRef = B70796CF20EF616E00195A65 /* IMBaseAnimationTransitioning.m */; };
		B7611DE820DB9B94009C4083 /* AppDelegate.m in Sources */ = {isa = PBXBuildFile; fileRef = B7611DE720DB9B94009C4083 /* AppDelegate.m */; };
		B7611DEE20DB9B95009C4083 /* Main.storyboard in Resources */ = {isa = PBXBuildFile; fileRef = B7611DEC20DB9B95009C4083 /* Main.storyboard */; };
		B7611DF020DB9B97009C4083 /* Assets.xcassets in Resources */ = {isa = PBXBuildFile; fileRef = B7611DEF20DB9B97009C4083 /* Assets.xcassets */; };
		B7611DF320DB9B97009C4083 /* LaunchScreen.storyboard in Resources */ = {isa = PBXBuildFile; fileRef = B7611DF120DB9B97009C4083 /* LaunchScreen.storyboard */; };
		B7611DF620DB9B97009C4083 /* main.m in Sources */ = {isa = PBXBuildFile; fileRef = B7611DF520DB9B97009C4083 /* main.m */; };
		B7611E0120DB9C09009C4083 /* TableViewController.m in Sources */ = {isa = PBXBuildFile; fileRef = B7611E0020DB9C09009C4083 /* TableViewController.m */; };
		B7611E0A20DB9C60009C4083 /* UIImage+View.m in Sources */ = {isa = PBXBuildFile; fileRef = B7611E0520DB9C60009C4083 /* UIImage+View.m */; };
		B7611E0B20DB9C60009C4083 /* UIView+IMRect.m in Sources */ = {isa = PBXBuildFile; fileRef = B7611E0920DB9C60009C4083 /* UIView+IMRect.m */; };
		B7611E1920DB9DA8009C4083 /* ViewController.m in Sources */ = {isa = PBXBuildFile; fileRef = B7611E1820DB9DA8009C4083 /* ViewController.m */; };
/* End PBXBuildFile section */

/* Begin PBXFileReference section */
		039B57BBF8EF4035E63E4632 /* Pods-IMTransitionAnimationDemo.release.xcconfig */ = {isa = PBXFileReference; includeInIndex = 1; lastKnownFileType = text.xcconfig; name = "Pods-IMTransitionAnimationDemo.release.xcconfig"; path = "Pods/Target Support Files/Pods-IMTransitionAnimationDemo/Pods-IMTransitionAnimationDemo.release.xcconfig"; sourceTree = "<group>"; };
		71035BD625A47EEB02D83615 /* libPods-IMTransitionAnimationDemo.a */ = {isa = PBXFileReference; explicitFileType = archive.ar; includeInIndex = 0; path = "libPods-IMTransitionAnimationDemo.a"; sourceTree = BUILT_PRODUCTS_DIR; };
		B70796C420EF616E00195A65 /* IMPresentAnimationTransitioning.m */ = {isa = PBXFileReference; fileEncoding = 4; lastKnownFileType = sourcecode.c.objc; path = IMPresentAnimationTransitioning.m; sourceTree = "<group>"; };
		B70796C520EF616E00195A65 /* IMPresentAnimationTransitioning.h */ = {isa = PBXFileReference; fileEncoding = 4; lastKnownFileType = sourcecode.c.h; path = IMPresentAnimationTransitioning.h; sourceTree = "<group>"; };
		B70796C720EF616E00195A65 /* IMMiddleAnimationTransitioning.h */ = {isa = PBXFileReference; fileEncoding = 4; lastKnownFileType = sourcecode.c.h; path = IMMiddleAnimationTransitioning.h; sourceTree = "<group>"; };
		B70796C820EF616E00195A65 /* IMMiddleAnimationTransitioning.m */ = {isa = PBXFileReference; fileEncoding = 4; lastKnownFileType = sourcecode.c.objc; path = IMMiddleAnimationTransitioning.m; sourceTree = "<group>"; };
		B70796CA20EF616E00195A65 /* IMPushAnimationTransitioning.h */ = {isa = PBXFileReference; fileEncoding = 4; lastKnownFileType = sourcecode.c.h; path = IMPushAnimationTransitioning.h; sourceTree = "<group>"; };
		B70796CB20EF616E00195A65 /* IMPushAnimationTransitioning.m */ = {isa = PBXFileReference; fileEncoding = 4; lastKnownFileType = sourcecode.c.objc; path = IMPushAnimationTransitioning.m; sourceTree = "<group>"; };
		B70796CD20EF616E00195A65 /* IMBaseAnimationTransitioning.h */ = {isa = PBXFileReference; fileEncoding = 4; lastKnownFileType = sourcecode.c.h; path = IMBaseAnimationTransitioning.h; sourceTree = "<group>"; };
		B70796CE20EF616E00195A65 /* IMSpecialTag.h */ = {isa = PBXFileReference; fileEncoding = 4; lastKnownFileType = sourcecode.c.h; path = IMSpecialTag.h; sourceTree = "<group>"; };
		B70796CF20EF616E00195A65 /* IMBaseAnimationTransitioning.m */ = {isa = PBXFileReference; fileEncoding = 4; lastKnownFileType = sourcecode.c.objc; path = IMBaseAnimationTransitioning.m; sourceTree = "<group>"; };
		B7611DE320DB9B94009C4083 /* IMTransitionAnimationDemo.app */ = {isa = PBXFileReference; explicitFileType = wrapper.application; includeInIndex = 0; path = IMTransitionAnimationDemo.app; sourceTree = BUILT_PRODUCTS_DIR; };
		B7611DE620DB9B94009C4083 /* AppDelegate.h */ = {isa = PBXFileReference; lastKnownFileType = sourcecode.c.h; path = AppDelegate.h; sourceTree = "<group>"; };
		B7611DE720DB9B94009C4083 /* AppDelegate.m */ = {isa = PBXFileReference; lastKnownFileType = sourcecode.c.objc; path = AppDelegate.m; sourceTree = "<group>"; };
		B7611DED20DB9B95009C4083 /* Base */ = {isa = PBXFileReference; lastKnownFileType = file.storyboard; name = Base; path = Base.lproj/Main.storyboard; sourceTree = "<group>"; };
		B7611DEF20DB9B97009C4083 /* Assets.xcassets */ = {isa = PBXFileReference; lastKnownFileType = folder.assetcatalog; path = Assets.xcassets; sourceTree = "<group>"; };
		B7611DF220DB9B97009C4083 /* Base */ = {isa = PBXFileReference; lastKnownFileType = file.storyboard; name = Base; path = Base.lproj/LaunchScreen.storyboard; sourceTree = "<group>"; };
		B7611DF420DB9B97009C4083 /* Info.plist */ = {isa = PBXFileReference; lastKnownFileType = text.plist.xml; path = Info.plist; sourceTree = "<group>"; };
		B7611DF520DB9B97009C4083 /* main.m */ = {isa = PBXFileReference; lastKnownFileType = sourcecode.c.objc; path = main.m; sourceTree = "<group>"; };
		B7611DFF20DB9C09009C4083 /* TableViewController.h */ = {isa = PBXFileReference; lastKnownFileType = sourcecode.c.h; path = TableViewController.h; sourceTree = "<group>"; };
		B7611E0020DB9C09009C4083 /* TableViewController.m */ = {isa = PBXFileReference; lastKnownFileType = sourcecode.c.objc; path = TableViewController.m; sourceTree = "<group>"; };
		B7611E0520DB9C60009C4083 /* UIImage+View.m */ = {isa = PBXFileReference; fileEncoding = 4; lastKnownFileType = sourcecode.c.objc; path = "UIImage+View.m"; sourceTree = "<group>"; };
		B7611E0620DB9C60009C4083 /* UIImage+View.h */ = {isa = PBXFileReference; fileEncoding = 4; lastKnownFileType = sourcecode.c.h; path = "UIImage+View.h"; sourceTree = "<group>"; };
		B7611E0820DB9C60009C4083 /* UIView+IMRect.h */ = {isa = PBXFileReference; fileEncoding = 4; lastKnownFileType = sourcecode.c.h; path = "UIView+IMRect.h"; sourceTree = "<group>"; };
		B7611E0920DB9C60009C4083 /* UIView+IMRect.m */ = {isa = PBXFileReference; fileEncoding = 4; lastKnownFileType = sourcecode.c.objc; path = "UIView+IMRect.m"; sourceTree = "<group>"; };
		B7611E1720DB9DA8009C4083 /* ViewController.h */ = {isa = PBXFileReference; lastKnownFileType = sourcecode.c.h; path = ViewController.h; sourceTree = "<group>"; };
		B7611E1820DB9DA8009C4083 /* ViewController.m */ = {isa = PBXFileReference; lastKnownFileType = sourcecode.c.objc; path = ViewController.m; sourceTree = "<group>"; };
		CB3D00B9C9DE5E93C4A3A5AB /* Pods-IMTransitionAnimationDemo.debug.xcconfig */ = {isa = PBXFileReference; includeInIndex = 1; lastKnownFileType = text.xcconfig; name = "Pods-IMTransitionAnimationDemo.debug.xcconfig"; path = "Pods/Target Support Files/Pods-IMTransitionAnimationDemo/Pods-IMTransitionAnimationDemo.debug.xcconfig"; sourceTree = "<group>"; };
/* End PBXFileReference section */

/* Begin PBXFrameworksBuildPhase section */
		B7611DE020DB9B94009C4083 /* Frameworks */ = {
			isa = PBXFrameworksBuildPhase;
			buildActionMask = 2147483647;
			files = (
				152401F255547DD5186FE3C2 /* libPods-IMTransitionAnimationDemo.a in Frameworks */,
			);
			runOnlyForDeploymentPostprocessing = 0;
		};
/* End PBXFrameworksBuildPhase section */

/* Begin PBXGroup section */
		5BF03F6949D535DF0EF99662 /* Frameworks */ = {
			isa = PBXGroup;
			children = (
				71035BD625A47EEB02D83615 /* libPods-IMTransitionAnimationDemo.a */,
			);
			name = Frameworks;
			sourceTree = "<group>";
		};
		78D7A667312E652584DA9B0D /* Pods */ = {
			isa = PBXGroup;
			children = (
				CB3D00B9C9DE5E93C4A3A5AB /* Pods-IMTransitionAnimationDemo.debug.xcconfig */,
				039B57BBF8EF4035E63E4632 /* Pods-IMTransitionAnimationDemo.release.xcconfig */,
			);
			name = Pods;
			sourceTree = "<group>";
		};
		B70796C220EF616E00195A65 /* IMTransitionAnimation */ = {
			isa = PBXGroup;
			children = (
				B70796C320EF616E00195A65 /* Present */,
				B70796C620EF616E00195A65 /* Middle */,
				B70796C920EF616E00195A65 /* Push */,
				B70796CC20EF616E00195A65 /* Base */,
			);
			name = IMTransitionAnimation;
			path = ../../IMTransitionAnimation;
			sourceTree = "<group>";
		};
		B70796C320EF616E00195A65 /* Present */ = {
			isa = PBXGroup;
			children = (
				B70796C420EF616E00195A65 /* IMPresentAnimationTransitioning.m */,
				B70796C520EF616E00195A65 /* IMPresentAnimationTransitioning.h */,
			);
			path = Present;
			sourceTree = "<group>";
		};
		B70796C620EF616E00195A65 /* Middle */ = {
			isa = PBXGroup;
			children = (
				B70796C720EF616E00195A65 /* IMMiddleAnimationTransitioning.h */,
				B70796C820EF616E00195A65 /* IMMiddleAnimationTransitioning.m */,
			);
			path = Middle;
			sourceTree = "<group>";
		};
		B70796C920EF616E00195A65 /* Push */ = {
			isa = PBXGroup;
			children = (
				B70796CA20EF616E00195A65 /* IMPushAnimationTransitioning.h */,
				B70796CB20EF616E00195A65 /* IMPushAnimationTransitioning.m */,
			);
			path = Push;
			sourceTree = "<group>";
		};
		B70796CC20EF616E00195A65 /* Base */ = {
			isa = PBXGroup;
			children = (
				B70796CD20EF616E00195A65 /* IMBaseAnimationTransitioning.h */,
				B70796CE20EF616E00195A65 /* IMSpecialTag.h */,
				B70796CF20EF616E00195A65 /* IMBaseAnimationTransitioning.m */,
			);
			path = Base;
			sourceTree = "<group>";
		};
		B7611DDA20DB9B94009C4083 = {
			isa = PBXGroup;
			children = (
				B7611DE520DB9B94009C4083 /* IMTransitionAnimationDemo */,
				B7611DE420DB9B94009C4083 /* Products */,
				78D7A667312E652584DA9B0D /* Pods */,
				5BF03F6949D535DF0EF99662 /* Frameworks */,
			);
			sourceTree = "<group>";
		};
		B7611DE420DB9B94009C4083 /* Products */ = {
			isa = PBXGroup;
			children = (
				B7611DE320DB9B94009C4083 /* IMTransitionAnimationDemo.app */,
			);
			name = Products;
			sourceTree = "<group>";
		};
		B7611DE520DB9B94009C4083 /* IMTransitionAnimationDemo */ = {
			isa = PBXGroup;
			children = (
				B70796C220EF616E00195A65 /* IMTransitionAnimation */,
				B7611E0320DB9C60009C4083 /* Extension */,
				B7611DFE20DB9BF1009C4083 /* AppDelegate */,
				B7611DFD20DB9BE0009C4083 /* V */,
				B7611DFC20DB9BC6009C4083 /* Resources */,
			);
			path = IMTransitionAnimationDemo;
			sourceTree = "<group>";
		};
		B7611DFC20DB9BC6009C4083 /* Resources */ = {
			isa = PBXGroup;
			children = (
				B7611DEF20DB9B97009C4083 /* Assets.xcassets */,
				B7611DF120DB9B97009C4083 /* LaunchScreen.storyboard */,
				B7611DF420DB9B97009C4083 /* Info.plist */,
				B7611DF520DB9B97009C4083 /* main.m */,
			);
			path = Resources;
			sourceTree = "<group>";
		};
		B7611DFD20DB9BE0009C4083 /* V */ = {
			isa = PBXGroup;
			children = (
				B7611DEC20DB9B95009C4083 /* Main.storyboard */,
				B7611DFF20DB9C09009C4083 /* TableViewController.h */,
				B7611E0020DB9C09009C4083 /* TableViewController.m */,
				B7611E1720DB9DA8009C4083 /* ViewController.h */,
				B7611E1820DB9DA8009C4083 /* ViewController.m */,
			);
			path = V;
			sourceTree = "<group>";
		};
		B7611DFE20DB9BF1009C4083 /* AppDelegate */ = {
			isa = PBXGroup;
			children = (
				B7611DE620DB9B94009C4083 /* AppDelegate.h */,
				B7611DE720DB9B94009C4083 /* AppDelegate.m */,
			);
			path = AppDelegate;
			sourceTree = "<group>";
		};
		B7611E0320DB9C60009C4083 /* Extension */ = {
			isa = PBXGroup;
			children = (
				B7611E0420DB9C60009C4083 /* UIImage */,
				B7611E0720DB9C60009C4083 /* UIView */,
			);
			path = Extension;
			sourceTree = "<group>";
		};
		B7611E0420DB9C60009C4083 /* UIImage */ = {
			isa = PBXGroup;
			children = (
				B7611E0520DB9C60009C4083 /* UIImage+View.m */,
				B7611E0620DB9C60009C4083 /* UIImage+View.h */,
			);
			path = UIImage;
			sourceTree = "<group>";
		};
		B7611E0720DB9C60009C4083 /* UIView */ = {
			isa = PBXGroup;
			children = (
				B7611E0820DB9C60009C4083 /* UIView+IMRect.h */,
				B7611E0920DB9C60009C4083 /* UIView+IMRect.m */,
			);
			path = UIView;
			sourceTree = "<group>";
		};
/* End PBXGroup section */

/* Begin PBXNativeTarget section */
		B7611DE220DB9B94009C4083 /* IMTransitionAnimationDemo */ = {
			isa = PBXNativeTarget;
			buildConfigurationList = B7611DF920DB9B97009C4083 /* Build configuration list for PBXNativeTarget "IMTransitionAnimationDemo" */;
			buildPhases = (
				B7339CEB0611DDFBA652969D /* [CP] Check Pods Manifest.lock */,
				B7611DDF20DB9B94009C4083 /* Sources */,
				B7611DE020DB9B94009C4083 /* Frameworks */,
				B7611DE120DB9B94009C4083 /* Resources */,
				C3406CFE9DFA6B77AE4FBC71 /* [CP] Embed Pods Frameworks */,
				760DE57CF426FC2469D9B160 /* [CP] Copy Pods Resources */,
			);
			buildRules = (
			);
			dependencies = (
			);
			name = IMTransitionAnimationDemo;
			productName = IMTransitionAnimationDemo;
			productReference = B7611DE320DB9B94009C4083 /* IMTransitionAnimationDemo.app */;
			productType = "com.apple.product-type.application";
		};
/* End PBXNativeTarget section */

/* Begin PBXProject section */
		B7611DDB20DB9B94009C4083 /* Project object */ = {
			isa = PBXProject;
			attributes = {
				LastUpgradeCheck = 0930;
				ORGANIZATIONNAME = iMoon;
				TargetAttributes = {
					B7611DE220DB9B94009C4083 = {
						CreatedOnToolsVersion = 9.3;
					};
				};
			};
			buildConfigurationList = B7611DDE20DB9B94009C4083 /* Build configuration list for PBXProject "IMTransitionAnimationDemo" */;
			compatibilityVersion = "Xcode 9.3";
			developmentRegion = en;
			hasScannedForEncodings = 0;
			knownRegions = (
				en,
				Base,
			);
			mainGroup = B7611DDA20DB9B94009C4083;
			productRefGroup = B7611DE420DB9B94009C4083 /* Products */;
			projectDirPath = "";
			projectRoot = "";
			targets = (
				B7611DE220DB9B94009C4083 /* IMTransitionAnimationDemo */,
			);
		};
/* End PBXProject section */

/* Begin PBXResourcesBuildPhase section */
		B7611DE120DB9B94009C4083 /* Resources */ = {
			isa = PBXResourcesBuildPhase;
			buildActionMask = 2147483647;
			files = (
				B7611DF320DB9B97009C4083 /* LaunchScreen.storyboard in Resources */,
				B7611DF020DB9B97009C4083 /* Assets.xcassets in Resources */,
				B7611DEE20DB9B95009C4083 /* Main.storyboard in Resources */,
			);
			runOnlyForDeploymentPostprocessing = 0;
		};
/* End PBXResourcesBuildPhase section */

/* Begin PBXShellScriptBuildPhase section */
		760DE57CF426FC2469D9B160 /* [CP] Copy Pods Resources */ = {
			isa = PBXShellScriptBuildPhase;
			buildActionMask = 2147483647;
			files = (
			);
			inputPaths = (
			);
			name = "[CP] Copy Pods Resources";
			outputPaths = (
			);
			runOnlyForDeploymentPostprocessing = 0;
			shellPath = /bin/sh;
			shellScript = "\"${SRCROOT}/Pods/Target Support Files/Pods-IMTransitionAnimationDemo/Pods-IMTransitionAnimationDemo-resources.sh\"\n";
			showEnvVarsInLog = 0;
		};
		B7339CEB0611DDFBA652969D /* [CP] Check Pods Manifest.lock */ = {
			isa = PBXShellScriptBuildPhase;
			buildActionMask = 2147483647;
			files = (
			);
			inputPaths = (
				"${PODS_PODFILE_DIR_PATH}/Podfile.lock",
				"${PODS_ROOT}/Manifest.lock",
			);
			name = "[CP] Check Pods Manifest.lock";
			outputPaths = (
				"$(DERIVED_FILE_DIR)/Pods-IMTransitionAnimationDemo-checkManifestLockResult.txt",
			);
			runOnlyForDeploymentPostprocessing = 0;
			shellPath = /bin/sh;
			shellScript = "diff \"${PODS_PODFILE_DIR_PATH}/Podfile.lock\" \"${PODS_ROOT}/Manifest.lock\" > /dev/null\nif [ $? != 0 ] ; then\n    # print error to STDERR\n    echo \"error: The sandbox is not in sync with the Podfile.lock. Run 'pod install' or update your CocoaPods installation.\" >&2\n    exit 1\nfi\n# This output is used by Xcode 'outputs' to avoid re-running this script phase.\necho \"SUCCESS\" > \"${SCRIPT_OUTPUT_FILE_0}\"\n";
			showEnvVarsInLog = 0;
		};
		C3406CFE9DFA6B77AE4FBC71 /* [CP] Embed Pods Frameworks */ = {
			isa = PBXShellScriptBuildPhase;
			buildActionMask = 2147483647;
			files = (
			);
			inputPaths = (
				"${SRCROOT}/Pods/Target Support Files/Pods-IMTransitionAnimationDemo/Pods-IMTransitionAnimationDemo-frameworks.sh",
				"${PODS_ROOT}/Reveal-SDK/RevealServer-13/iOS/RevealServer.framework",
			);
			name = "[CP] Embed Pods Frameworks";
			outputPaths = (
				"${TARGET_BUILD_DIR}/${FRAMEWORKS_FOLDER_PATH}/RevealServer.framework",
			);
			runOnlyForDeploymentPostprocessing = 0;
			shellPath = /bin/sh;
			shellScript = "\"${SRCROOT}/Pods/Target Support Files/Pods-IMTransitionAnimationDemo/Pods-IMTransitionAnimationDemo-frameworks.sh\"\n";
			showEnvVarsInLog = 0;
		};
/* End PBXShellScriptBuildPhase section */

/* Begin PBXSourcesBuildPhase section */
		B7611DDF20DB9B94009C4083 /* Sources */ = {
			isa = PBXSourcesBuildPhase;
			buildActionMask = 2147483647;
			files = (
				B7611E1920DB9DA8009C4083 /* ViewController.m in Sources */,
				B7611E0A20DB9C60009C4083 /* UIImage+View.m in Sources */,
				B70796D120EF616E00195A65 /* IMMiddleAnimationTransitioning.m in Sources */,
				B7611E0B20DB9C60009C4083 /* UIView+IMRect.m in Sources */,
				B7611DF620DB9B97009C4083 /* main.m in Sources */,
				B70796D020EF616E00195A65 /* IMPresentAnimationTransitioning.m in Sources */,
				B70796D220EF616E00195A65 /* IMPushAnimationTransitioning.m in Sources */,
				B70796D320EF616E00195A65 /* IMBaseAnimationTransitioning.m in Sources */,
				B7611DE820DB9B94009C4083 /* AppDelegate.m in Sources */,
				B7611E0120DB9C09009C4083 /* TableViewController.m in Sources */,
			);
			runOnlyForDeploymentPostprocessing = 0;
		};
/* End PBXSourcesBuildPhase section */

/* Begin PBXVariantGroup section */
		B7611DEC20DB9B95009C4083 /* Main.storyboard */ = {
			isa = PBXVariantGroup;
			children = (
				B7611DED20DB9B95009C4083 /* Base */,
			);
			name = Main.storyboard;
			sourceTree = "<group>";
		};
		B7611DF120DB9B97009C4083 /* LaunchScreen.storyboard */ = {
			isa = PBXVariantGroup;
			children = (
				B7611DF220DB9B97009C4083 /* Base */,
			);
			name = LaunchScreen.storyboard;
			sourceTree = "<group>";
		};
/* End PBXVariantGroup section */

/* Begin XCBuildConfiguration section */
		B7611DF720DB9B97009C4083 /* Debug */ = {
			isa = XCBuildConfiguration;
			buildSettings = {
				ALWAYS_SEARCH_USER_PATHS = NO;
				CLANG_ANALYZER_NONNULL = YES;
				CLANG_ANALYZER_NUMBER_OBJECT_CONVERSION = YES_AGGRESSIVE;
				CLANG_CXX_LANGUAGE_STANDARD = "gnu++14";
				CLANG_CXX_LIBRARY = "libc++";
				CLANG_ENABLE_MODULES = YES;
				CLANG_ENABLE_OBJC_ARC = YES;
				CLANG_ENABLE_OBJC_WEAK = YES;
				CLANG_WARN_BLOCK_CAPTURE_AUTORELEASING = YES;
				CLANG_WARN_BOOL_CONVERSION = YES;
				CLANG_WARN_COMMA = YES;
				CLANG_WARN_CONSTANT_CONVERSION = YES;
				CLANG_WARN_DEPRECATED_OBJC_IMPLEMENTATIONS = YES;
				CLANG_WARN_DIRECT_OBJC_ISA_USAGE = YES_ERROR;
				CLANG_WARN_DOCUMENTATION_COMMENTS = YES;
				CLANG_WARN_EMPTY_BODY = YES;
				CLANG_WARN_ENUM_CONVERSION = YES;
				CLANG_WARN_INFINITE_RECURSION = YES;
				CLANG_WARN_INT_CONVERSION = YES;
				CLANG_WARN_NON_LITERAL_NULL_CONVERSION = YES;
				CLANG_WARN_OBJC_IMPLICIT_RETAIN_SELF = YES;
				CLANG_WARN_OBJC_LITERAL_CONVERSION = YES;
				CLANG_WARN_OBJC_ROOT_CLASS = YES_ERROR;
				CLANG_WARN_RANGE_LOOP_ANALYSIS = YES;
				CLANG_WARN_STRICT_PROTOTYPES = YES;
				CLANG_WARN_SUSPICIOUS_MOVE = YES;
				CLANG_WARN_UNGUARDED_AVAILABILITY = YES_AGGRESSIVE;
				CLANG_WARN_UNREACHABLE_CODE = YES;
				CLANG_WARN__DUPLICATE_METHOD_MATCH = YES;
				CODE_SIGN_IDENTITY = "iPhone Developer";
				COPY_PHASE_STRIP = NO;
				DEBUG_INFORMATION_FORMAT = dwarf;
				ENABLE_STRICT_OBJC_MSGSEND = YES;
				ENABLE_TESTABILITY = YES;
				GCC_C_LANGUAGE_STANDARD = gnu11;
				GCC_DYNAMIC_NO_PIC = NO;
				GCC_NO_COMMON_BLOCKS = YES;
				GCC_OPTIMIZATION_LEVEL = 0;
				GCC_PREPROCESSOR_DEFINITIONS = (
					"DEBUG=1",
					"$(inherited)",
				);
				GCC_WARN_64_TO_32_BIT_CONVERSION = YES;
				GCC_WARN_ABOUT_RETURN_TYPE = YES_ERROR;
				GCC_WARN_UNDECLARED_SELECTOR = YES;
				GCC_WARN_UNINITIALIZED_AUTOS = YES_AGGRESSIVE;
				GCC_WARN_UNUSED_FUNCTION = YES;
				GCC_WARN_UNUSED_VARIABLE = YES;
				IPHONEOS_DEPLOYMENT_TARGET = 11.3;
				MTL_ENABLE_DEBUG_INFO = YES;
				ONLY_ACTIVE_ARCH = YES;
				SDKROOT = iphoneos;
			};
			name = Debug;
		};
		B7611DF820DB9B97009C4083 /* Release */ = {
			isa = XCBuildConfiguration;
			buildSettings = {
				ALWAYS_SEARCH_USER_PATHS = NO;
				CLANG_ANALYZER_NONNULL = YES;
				CLANG_ANALYZER_NUMBER_OBJECT_CONVERSION = YES_AGGRESSIVE;
				CLANG_CXX_LANGUAGE_STANDARD = "gnu++14";
				CLANG_CXX_LIBRARY = "libc++";
				CLANG_ENABLE_MODULES = YES;
				CLANG_ENABLE_OBJC_ARC = YES;
				CLANG_ENABLE_OBJC_WEAK = YES;
				CLANG_WARN_BLOCK_CAPTURE_AUTORELEASING = YES;
				CLANG_WARN_BOOL_CONVERSION = YES;
				CLANG_WARN_COMMA = YES;
				CLANG_WARN_CONSTANT_CONVERSION = YES;
				CLANG_WARN_DEPRECATED_OBJC_IMPLEMENTATIONS = YES;
				CLANG_WARN_DIRECT_OBJC_ISA_USAGE = YES_ERROR;
				CLANG_WARN_DOCUMENTATION_COMMENTS = YES;
				CLANG_WARN_EMPTY_BODY = YES;
				CLANG_WARN_ENUM_CONVERSION = YES;
				CLANG_WARN_INFINITE_RECURSION = YES;
				CLANG_WARN_INT_CONVERSION = YES;
				CLANG_WARN_NON_LITERAL_NULL_CONVERSION = YES;
				CLANG_WARN_OBJC_IMPLICIT_RETAIN_SELF = YES;
				CLANG_WARN_OBJC_LITERAL_CONVERSION = YES;
				CLANG_WARN_OBJC_ROOT_CLASS = YES_ERROR;
				CLANG_WARN_RANGE_LOOP_ANALYSIS = YES;
				CLANG_WARN_STRICT_PROTOTYPES = YES;
				CLANG_WARN_SUSPICIOUS_MOVE = YES;
				CLANG_WARN_UNGUARDED_AVAILABILITY = YES_AGGRESSIVE;
				CLANG_WARN_UNREACHABLE_CODE = YES;
				CLANG_WARN__DUPLICATE_METHOD_MATCH = YES;
				CODE_SIGN_IDENTITY = "iPhone Developer";
				COPY_PHASE_STRIP = NO;
				DEBUG_INFORMATION_FORMAT = "dwarf-with-dsym";
				ENABLE_NS_ASSERTIONS = NO;
				ENABLE_STRICT_OBJC_MSGSEND = YES;
				GCC_C_LANGUAGE_STANDARD = gnu11;
				GCC_NO_COMMON_BLOCKS = YES;
				GCC_WARN_64_TO_32_BIT_CONVERSION = YES;
				GCC_WARN_ABOUT_RETURN_TYPE = YES_ERROR;
				GCC_WARN_UNDECLARED_SELECTOR = YES;
				GCC_WARN_UNINITIALIZED_AUTOS = YES_AGGRESSIVE;
				GCC_WARN_UNUSED_FUNCTION = YES;
				GCC_WARN_UNUSED_VARIABLE = YES;
				IPHONEOS_DEPLOYMENT_TARGET = 11.3;
				MTL_ENABLE_DEBUG_INFO = NO;
				SDKROOT = iphoneos;
				VALIDATE_PRODUCT = YES;
			};
			name = Release;
		};
		B7611DFA20DB9B97009C4083 /* Debug */ = {
			isa = XCBuildConfiguration;
			baseConfigurationReference = CB3D00B9C9DE5E93C4A3A5AB /* Pods-IMTransitionAnimationDemo.debug.xcconfig */;
			buildSettings = {
				ASSETCATALOG_COMPILER_APPICON_NAME = AppIcon;
				CODE_SIGN_STYLE = Automatic;
				DEVELOPMENT_TEAM = 23S978MA67;
				INFOPLIST_FILE = IMTransitionAnimationDemo/Resources/Info.plist;
				IPHONEOS_DEPLOYMENT_TARGET = 9.0;
				LD_RUNPATH_SEARCH_PATHS = (
					"$(inherited)",
					"@executable_path/Frameworks",
				);
				PRODUCT_BUNDLE_IDENTIFIER = com.imoon.IMTransitionAnimationDemo;
				PRODUCT_NAME = "$(TARGET_NAME)";
				TARGETED_DEVICE_FAMILY = "1,2";
			};
			name = Debug;
		};
		B7611DFB20DB9B97009C4083 /* Release */ = {
			isa = XCBuildConfiguration;
			baseConfigurationReference = 039B57BBF8EF4035E63E4632 /* Pods-IMTransitionAnimationDemo.release.xcconfig */;
			buildSettings = {
				ASSETCATALOG_COMPILER_APPICON_NAME = AppIcon;
				CODE_SIGN_STYLE = Automatic;
				DEVELOPMENT_TEAM = 23S978MA67;
				INFOPLIST_FILE = IMTransitionAnimationDemo/Resources/Info.plist;
				IPHONEOS_DEPLOYMENT_TARGET = 9.0;
				LD_RUNPATH_SEARCH_PATHS = (
					"$(inherited)",
					"@executable_path/Frameworks",
				);
				PRODUCT_BUNDLE_IDENTIFIER = com.imoon.IMTransitionAnimationDemo;
				PRODUCT_NAME = "$(TARGET_NAME)";
				TARGETED_DEVICE_FAMILY = "1,2";
			};
			name = Release;
		};
/* End XCBuildConfiguration section */

/* Begin XCConfigurationList section */
		B7611DDE20DB9B94009C4083 /* Build configuration list for PBXProject "IMTransitionAnimationDemo" */ = {
			isa = XCConfigurationList;
			buildConfigurations = (
				B7611DF720DB9B97009C4083 /* Debug */,
				B7611DF820DB9B97009C4083 /* Release */,
			);
			defaultConfigurationIsVisible = 0;
			defaultConfigurationName = Release;
		};
		B7611DF920DB9B97009C4083 /* Build configuration list for PBXNativeTarget "IMTransitionAnimationDemo" */ = {
			isa = XCConfigurationList;
			buildConfigurations = (
				B7611DFA20DB9B97009C4083 /* Debug */,
				B7611DFB20DB9B97009C4083 /* Release */,
			);
			defaultConfigurationIsVisible = 0;
			defaultConfigurationName = Release;
		};
/* End XCConfigurationList section */
	};
	rootObject = B7611DDB20DB9B94009C4083 /* Project object */;
}
